# This file is automatically @generated by Cargo.
# It is not intended for manual editing.
version = 3

[[package]]
name = "aho-corasick"
version = "1.0.2"
source = "registry+https://github.com/rust-lang/crates.io-index"
checksum = "43f6cb1bf222025340178f382c426f13757b2960e89779dfcb319c32542a5a41"
dependencies = [
 "memchr",
]

[[package]]
name = "az"
version = "1.2.1"
source = "registry+https://github.com/rust-lang/crates.io-index"
checksum = "7b7e4c2464d97fe331d41de9d5db0def0a96f4d823b8b32a2efd503578988973"

[[package]]
name = "bitvec"
version = "1.0.1"
source = "registry+https://github.com/rust-lang/crates.io-index"
checksum = "1bc2832c24239b0141d5674bb9174f9d68a8b5b3f2753311927c172ca46f7e9c"
dependencies = [
 "funty",
 "radium",
 "tap",
 "wyz",
]

[[package]]
name = "funty"
version = "2.0.0"
source = "registry+https://github.com/rust-lang/crates.io-index"
checksum = "e6d5a32815ae3f33302d95fdcb2ce17862f8c65363dcfd29360480ba1001fc9c"

[[package]]
name = "gmp-mpfr-sys"
version = "1.5.3"
source = "registry+https://github.com/rust-lang/crates.io-index"
checksum = "13eabc29d16e4a621b495e3919c71ebb7caaed24380955671e7d417370fea95d"
dependencies = [
 "libc",
 "windows-sys",
]

[[package]]
name = "libc"
version = "0.2.146"
source = "registry+https://github.com/rust-lang/crates.io-index"
checksum = "f92be4933c13fd498862a9e02a3055f8a8d9c039ce33db97306fd5a6caa7f29b"

[[package]]
name = "memchr"
version = "2.5.0"
source = "registry+https://github.com/rust-lang/crates.io-index"
checksum = "2dffe52ecf27772e601905b7522cb4ef790d2cc203488bbd0e2fe85fcb74566d"

[[package]]
name = "phf"
version = "0.11.2"
source = "git+https://github.com/thaliaarchi/rust-phf#2b0da381b8270a4abfccc8780d9355f19f1fdac6"
dependencies = [
 "phf_macros",
 "phf_shared 0.11.2 (git+https://github.com/thaliaarchi/rust-phf)",
]

[[package]]
name = "phf_generator"
version = "0.11.2"
source = "registry+https://github.com/rust-lang/crates.io-index"
checksum = "48e4cc64c2ad9ebe670cb8fd69dd50ae301650392e81c05f9bfcb2d5bdbc24b0"
dependencies = [
 "phf_shared 0.11.2 (registry+https://github.com/rust-lang/crates.io-index)",
 "rand",
]

[[package]]
name = "phf_macros"
version = "0.11.2"
source = "git+https://github.com/thaliaarchi/rust-phf#2b0da381b8270a4abfccc8780d9355f19f1fdac6"
dependencies = [
 "phf_generator",
 "phf_shared 0.11.2 (registry+https://github.com/rust-lang/crates.io-index)",
 "proc-macro2",
 "quote",
 "syn",
 "uncased",
]

[[package]]
name = "phf_shared"
version = "0.11.2"
source = "registry+https://github.com/rust-lang/crates.io-index"
checksum = "90fcb95eef784c2ac79119d1dd819e162b5da872ce6f3c3abe1e8ca1c082f72b"
dependencies = [
 "siphasher",
 "uncased",
]

[[package]]
name = "phf_shared"
version = "0.11.2"
source = "git+https://github.com/thaliaarchi/rust-phf#2b0da381b8270a4abfccc8780d9355f19f1fdac6"
dependencies = [
 "siphasher",
 "uncased",
]

[[package]]
name = "proc-macro2"
version = "1.0.63"
source = "registry+https://github.com/rust-lang/crates.io-index"
checksum = "7b368fba921b0dce7e60f5e04ec15e565b3303972b42bcfde1d0713b881959eb"
dependencies = [
 "unicode-ident",
]

[[package]]
name = "quote"
version = "1.0.29"
source = "registry+https://github.com/rust-lang/crates.io-index"
checksum = "573015e8ab27661678357f27dc26460738fd2b6c86e46f386fde94cb5d913105"
dependencies = [
 "proc-macro2",
]

[[package]]
name = "radium"
version = "0.7.0"
source = "registry+https://github.com/rust-lang/crates.io-index"
checksum = "dc33ff2d4973d518d823d61aa239014831e521c75da58e3df4840d3f47749d09"

[[package]]
name = "rand"
version = "0.8.5"
source = "registry+https://github.com/rust-lang/crates.io-index"
checksum = "34af8d1a0e25924bc5b7c43c079c942339d8f0a8b57c39049bef581b46327404"
dependencies = [
 "rand_core",
]

[[package]]
name = "rand_core"
version = "0.6.4"
source = "registry+https://github.com/rust-lang/crates.io-index"
checksum = "ec0be4795e2f6a28069bec0b5ff3e2ac9bafc99e6a9a7dc3547996c5c816922c"

[[package]]
name = "rug"
version = "1.19.2"
source = "registry+https://github.com/rust-lang/crates.io-index"
checksum = "555e8b44763d034526db899c88cd56ccc4486cd38b444c8aa0e79d4e70ae5a34"
dependencies = [
 "az",
 "gmp-mpfr-sys",
 "libc",
]

[[package]]
name = "siphasher"
version = "0.3.10"
source = "registry+https://github.com/rust-lang/crates.io-index"
checksum = "7bd3e3206899af3f8b12af284fafc038cc1dc2b41d1b89dd17297221c5d225de"

[[package]]
name = "syn"
version = "2.0.22"
source = "registry+https://github.com/rust-lang/crates.io-index"
checksum = "2efbeae7acf4eabd6bcdcbd11c92f45231ddda7539edc7806bd1a04a03b24616"
dependencies = [
 "proc-macro2",
 "quote",
 "unicode-ident",
]

[[package]]
name = "tap"
version = "1.0.1"
source = "registry+https://github.com/rust-lang/crates.io-index"
checksum = "55937e1799185b12863d447f42597ed69d9928686b8d88a1df17376a097d8369"

[[package]]
name = "uncased"
version = "0.9.9"
source = "registry+https://github.com/rust-lang/crates.io-index"
checksum = "9b9bc53168a4be7402ab86c3aad243a84dd7381d09be0eddc81280c1da95ca68"
dependencies = [
 "version_check",
]

[[package]]
name = "unicode-ident"
version = "1.0.9"
source = "registry+https://github.com/rust-lang/crates.io-index"
checksum = "b15811caf2415fb889178633e7724bad2509101cde276048e013b9def5e51fa0"

[[package]]
name = "version_check"
version = "0.9.4"
source = "registry+https://github.com/rust-lang/crates.io-index"
checksum = "49874b5167b65d7193b8aba1567f5c7d93d001cafc34600cee003eda787e483f"

[[package]]
name = "windows-sys"
version = "0.42.0"
source = "registry+https://github.com/rust-lang/crates.io-index"
checksum = "5a3e1820f08b8513f676f7ab6c1f99ff312fb97b553d30ff4dd86f9f15728aa7"
dependencies = [
 "windows_aarch64_gnullvm",
 "windows_aarch64_msvc",
 "windows_i686_gnu",
 "windows_i686_msvc",
 "windows_x86_64_gnu",
 "windows_x86_64_gnullvm",
 "windows_x86_64_msvc",
]

[[package]]
name = "windows_aarch64_gnullvm"
version = "0.42.2"
source = "registry+https://github.com/rust-lang/crates.io-index"
checksum = "597a5118570b68bc08d8d59125332c54f1ba9d9adeedeef5b99b02ba2b0698f8"

[[package]]
name = "windows_aarch64_msvc"
version = "0.42.2"
source = "registry+https://github.com/rust-lang/crates.io-index"
checksum = "e08e8864a60f06ef0d0ff4ba04124db8b0fb3be5776a5cd47641e942e58c4d43"

[[package]]
name = "windows_i686_gnu"
version = "0.42.2"
source = "registry+https://github.com/rust-lang/crates.io-index"
checksum = "c61d927d8da41da96a81f029489353e68739737d3beca43145c8afec9a31a84f"

[[package]]
name = "windows_i686_msvc"
version = "0.42.2"
source = "registry+https://github.com/rust-lang/crates.io-index"
checksum = "44d840b6ec649f480a41c8d80f9c65108b92d89345dd94027bfe06ac444d1060"

[[package]]
name = "windows_x86_64_gnu"
version = "0.42.2"
source = "registry+https://github.com/rust-lang/crates.io-index"
checksum = "8de912b8b8feb55c064867cf047dda097f92d51efad5b491dfb98f6bbb70cb36"

[[package]]
name = "windows_x86_64_gnullvm"
version = "0.42.2"
source = "registry+https://github.com/rust-lang/crates.io-index"
checksum = "26d41b46a36d453748aedef1486d5c7a85db22e56aff34643984ea85514e94a3"

[[package]]
name = "windows_x86_64_msvc"
version = "0.42.2"
source = "registry+https://github.com/rust-lang/crates.io-index"
checksum = "9aec5da331524158c6d1a4ac0ab1541149c0b9505fde06423b02f5ef0106b9f0"

[[package]]
name = "wspace-syntax"
version = "0.1.0"
dependencies = [
 "aho-corasick",
 "bitvec",
 "memchr",
 "phf",
 "rug",
 "uncased",
 "unicode-ident",
]

[[package]]
name = "wyz"
version = "0.5.1"
source = "registry+https://github.com/rust-lang/crates.io-index"
checksum = "05f360fc0b24296329c78fda852a1e9ae82de9cf7b27dae4b7f62f118f77b9ed"
dependencies = [
 "tap",
]
